
Microsoft Visual Studio Solution File, Format Version 12.00
# Visual Studio Version 16
VisualStudioVersion = 25.0.1700.6
MinimumVisualStudioVersion = 10.0.40219.1
Project("{FAE04EC0-301F-11D3-BF4B-00C04F79EFBC}") = "CRUD-WebAPI", "CRUD-WebAPI\CRUD-WebAPI.csproj", "{1E38F5F2-9425-495D-B26D-E6E7A8B041BC}"
EndProject
Global
	GlobalSection(SolutionConfigurationPlatforms) = preSolution
		Debug|Any CPU = Debug|Any CPU
		Release|Any CPU = Release|Any CPU
	EndGlobalSection
	GlobalSection(ProjectConfigurationPlatforms) = postSolution
		{1E38F5F2-9425-495D-B26D-E6E7A8B041BC}.Debug|Any CPU.ActiveCfg = Debug|Any CPU
		{1E38F5F2-9425-495D-B26D-E6E7A8B041BC}.Debug|Any CPU.Build.0 = Debug|Any CPU
		{1E38F5F2-9425-495D-B26D-E6E7A8B041BC}.Release|Any CPU.ActiveCfg = Release|Any CPU
		{1E38F5F2-9425-495D-B26D-E6E7A8B041BC}.Release|Any CPU.Build.0 = Release|Any CPU
	EndGlobalSection
	GlobalSection(SolutionProperties) = preSolution
		HideSolutionNode = FALSE
	EndGlobalSection
	GlobalSection(ExtensibilityGlobals) = postSolution
		SolutionGuid = {D291E4F9-13FA-43B0-86D6-24AE5004B90F}
	EndGlobalSection
EndGlobal
